
Microsoft Visual Studio Solution File, Format Version 12.00
# Visual Studio Express 2012 for Windows Desktop
Project("{FAE04EC0-301F-11D3-BF4B-00C04F79EFBC}") = "Arrays2DV1", "Arrays2DV1\Arrays2DV1.csproj", "{A0580D0E-A543-4C82-9855-C42196C0855A}"
EndProject
Global
	GlobalSection(SolutionConfigurationPlatforms) = preSolution
		Debug|Any CPU = Debug|Any CPU
		Release|Any CPU = Release|Any CPU
	EndGlobalSection
	GlobalSection(ProjectConfigurationPlatforms) = postSolution
		{A0580D0E-A543-4C82-9855-C42196C0855A}.Debug|Any CPU.ActiveCfg = Debug|Any CPU
		{A0580D0E-A543-4C82-9855-C42196C0855A}.Debug|Any CPU.Build.0 = Debug|Any CPU
		{A0580D0E-A543-4C82-9855-C42196C0855A}.Release|Any CPU.ActiveCfg = Release|Any CPU
		{A0580D0E-A543-4C82-9855-C42196C0855A}.Release|Any CPU.Build.0 = Release|Any CPU
	EndGlobalSection
	GlobalSection(SolutionProperties) = preSolution
		HideSolutionNode = FALSE
	EndGlobalSection
EndGlobal
