
Microsoft Visual Studio Solution File, Format Version 12.00
# Visual Studio Express 2012 for Windows Desktop
Project("{FAE04EC0-301F-11D3-BF4B-00C04F79EFBC}") = "ArraysDemoV1", "ArraysDemoV1\ArraysDemoV1.csproj", "{A41A659F-B622-4DCF-9E03-B9709B33ED2B}"
EndProject
Global
	GlobalSection(SolutionConfigurationPlatforms) = preSolution
		Debug|Any CPU = Debug|Any CPU
		Release|Any CPU = Release|Any CPU
	EndGlobalSection
	GlobalSection(ProjectConfigurationPlatforms) = postSolution
		{A41A659F-B622-4DCF-9E03-B9709B33ED2B}.Debug|Any CPU.ActiveCfg = Debug|Any CPU
		{A41A659F-B622-4DCF-9E03-B9709B33ED2B}.Debug|Any CPU.Build.0 = Debug|Any CPU
		{A41A659F-B622-4DCF-9E03-B9709B33ED2B}.Release|Any CPU.ActiveCfg = Release|Any CPU
		{A41A659F-B622-4DCF-9E03-B9709B33ED2B}.Release|Any CPU.Build.0 = Release|Any CPU
	EndGlobalSection
	GlobalSection(SolutionProperties) = preSolution
		HideSolutionNode = FALSE
	EndGlobalSection
EndGlobal
